
Microsoft Visual Studio Solution File, Format Version 12.00
# Visual Studio 2012
Project("{FAE04EC0-301F-11D3-BF4B-00C04F79EFBC}") = "SampleApp", "SampleApp\SampleApp.csproj", "{3E995719-033D-4C29-AD22-DED98CFB5B5A}"
EndProject
Project("{FAE04EC0-301F-11D3-BF4B-00C04F79EFBC}") = "SampleApp.iOS", "iOS\SampleApp.iOS.csproj", "{932EAF14-05A9-4A7A-B057-98E1BA631A30}"
EndProject
Project("{FAE04EC0-301F-11D3-BF4B-00C04F79EFBC}") = "SampleApp.Droid", "Droid\SampleApp.Droid.csproj", "{87B9BB2D-99B5-4630-9D06-F40BFD8E7B46}"
EndProject
Global
	GlobalSection(SolutionConfigurationPlatforms) = preSolution
		Debug|Any CPU = Debug|Any CPU
		Release|Any CPU = Release|Any CPU
		Debug|iPhoneSimulator = Debug|iPhoneSimulator
		Release|iPhone = Release|iPhone
		Release|iPhoneSimulator = Release|iPhoneSimulator
		Debug|iPhone = Debug|iPhone
	EndGlobalSection
	GlobalSection(ProjectConfigurationPlatforms) = postSolution
		{3E995719-033D-4C29-AD22-DED98CFB5B5A}.Debug|Any CPU.ActiveCfg = Debug|Any CPU
		{3E995719-033D-4C29-AD22-DED98CFB5B5A}.Debug|Any CPU.Build.0 = Debug|Any CPU
		{3E995719-033D-4C29-AD22-DED98CFB5B5A}.Release|Any CPU.ActiveCfg = Release|Any CPU
		{3E995719-033D-4C29-AD22-DED98CFB5B5A}.Release|Any CPU.Build.0 = Release|Any CPU
		{3E995719-033D-4C29-AD22-DED98CFB5B5A}.Debug|iPhoneSimulator.ActiveCfg = Debug|Any CPU
		{3E995719-033D-4C29-AD22-DED98CFB5B5A}.Debug|iPhoneSimulator.Build.0 = Debug|Any CPU
		{3E995719-033D-4C29-AD22-DED98CFB5B5A}.Release|iPhone.ActiveCfg = Release|Any CPU
		{3E995719-033D-4C29-AD22-DED98CFB5B5A}.Release|iPhone.Build.0 = Release|Any CPU
		{3E995719-033D-4C29-AD22-DED98CFB5B5A}.Release|iPhoneSimulator.ActiveCfg = Release|Any CPU
		{3E995719-033D-4C29-AD22-DED98CFB5B5A}.Release|iPhoneSimulator.Build.0 = Release|Any CPU
		{3E995719-033D-4C29-AD22-DED98CFB5B5A}.Debug|iPhone.ActiveCfg = Debug|Any CPU
		{3E995719-033D-4C29-AD22-DED98CFB5B5A}.Debug|iPhone.Build.0 = Debug|Any CPU
		{932EAF14-05A9-4A7A-B057-98E1BA631A30}.Debug|Any CPU.ActiveCfg = Debug|iPhoneSimulator
		{932EAF14-05A9-4A7A-B057-98E1BA631A30}.Debug|Any CPU.Build.0 = Debug|iPhoneSimulator
		{932EAF14-05A9-4A7A-B057-98E1BA631A30}.Release|Any CPU.ActiveCfg = Release|iPhone
		{932EAF14-05A9-4A7A-B057-98E1BA631A30}.Release|Any CPU.Build.0 = Release|iPhone
		{932EAF14-05A9-4A7A-B057-98E1BA631A30}.Debug|iPhoneSimulator.ActiveCfg = Debug|iPhoneSimulator
		{932EAF14-05A9-4A7A-B057-98E1BA631A30}.Debug|iPhoneSimulator.Build.0 = Debug|iPhoneSimulator
		{932EAF14-05A9-4A7A-B057-98E1BA631A30}.Release|iPhone.ActiveCfg = Release|iPhone
		{932EAF14-05A9-4A7A-B057-98E1BA631A30}.Release|iPhone.Build.0 = Release|iPhone
		{932EAF14-05A9-4A7A-B057-98E1BA631A30}.Release|iPhoneSimulator.ActiveCfg = Release|iPhoneSimulator
		{932EAF14-05A9-4A7A-B057-98E1BA631A30}.Release|iPhoneSimulator.Build.0 = Release|iPhoneSimulator
		{932EAF14-05A9-4A7A-B057-98E1BA631A30}.Debug|iPhone.ActiveCfg = Debug|iPhone
		{932EAF14-05A9-4A7A-B057-98E1BA631A30}.Debug|iPhone.Build.0 = Debug|iPhone
		{87B9BB2D-99B5-4630-9D06-F40BFD8E7B46}.Debug|Any CPU.ActiveCfg = Debug|Any CPU
		{87B9BB2D-99B5-4630-9D06-F40BFD8E7B46}.Debug|Any CPU.Build.0 = Debug|Any CPU
		{87B9BB2D-99B5-4630-9D06-F40BFD8E7B46}.Release|Any CPU.ActiveCfg = Release|Any CPU
		{87B9BB2D-99B5-4630-9D06-F40BFD8E7B46}.Release|Any CPU.Build.0 = Release|Any CPU
		{87B9BB2D-99B5-4630-9D06-F40BFD8E7B46}.Debug|iPhoneSimulator.ActiveCfg = Debug|Any CPU
		{87B9BB2D-99B5-4630-9D06-F40BFD8E7B46}.Debug|iPhoneSimulator.Build.0 = Debug|Any CPU
		{87B9BB2D-99B5-4630-9D06-F40BFD8E7B46}.Release|iPhone.ActiveCfg = Release|Any CPU
		{87B9BB2D-99B5-4630-9D06-F40BFD8E7B46}.Release|iPhone.Build.0 = Release|Any CPU
		{87B9BB2D-99B5-4630-9D06-F40BFD8E7B46}.Release|iPhoneSimulator.ActiveCfg = Release|Any CPU
		{87B9BB2D-99B5-4630-9D06-F40BFD8E7B46}.Release|iPhoneSimulator.Build.0 = Release|Any CPU
		{87B9BB2D-99B5-4630-9D06-F40BFD8E7B46}.Debug|iPhone.ActiveCfg = Debug|Any CPU
		{87B9BB2D-99B5-4630-9D06-F40BFD8E7B46}.Debug|iPhone.Build.0 = Debug|Any CPU
	EndGlobalSection
EndGlobal
